
Microsoft Visual Studio Solution File, Format Version 12.00
# Visual Studio Version 17
VisualStudioVersion = 17.12.35527.113 d17.12
MinimumVisualStudioVersion = 10.0.40219.1
Project("{FAE04EC0-301F-11D3-BF4B-00C04F79EFBC}") = "Authenticate_Key_Endpoint_Filters", "Authenticate_Key_Endpoint_Filters\Authenticate_Key_Endpoint_Filters.csproj", "{2BCEA83B-2BFC-40F6-9B50-B2343D4E771D}"
EndProject
Global
	GlobalSection(SolutionConfigurationPlatforms) = preSolution
		Debug|Any CPU = Debug|Any CPU
		Release|Any CPU = Release|Any CPU
	EndGlobalSection
	GlobalSection(ProjectConfigurationPlatforms) = postSolution
		{2BCEA83B-2BFC-40F6-9B50-B2343D4E771D}.Debug|Any CPU.ActiveCfg = Debug|Any CPU
		{2BCEA83B-2BFC-40F6-9B50-B2343D4E771D}.Debug|Any CPU.Build.0 = Debug|Any CPU
		{2BCEA83B-2BFC-40F6-9B50-B2343D4E771D}.Release|Any CPU.ActiveCfg = Release|Any CPU
		{2BCEA83B-2BFC-40F6-9B50-B2343D4E771D}.Release|Any CPU.Build.0 = Release|Any CPU
	EndGlobalSection
	GlobalSection(SolutionProperties) = preSolution
		HideSolutionNode = FALSE
	EndGlobalSection
EndGlobal
